
Microsoft Visual Studio Solution File, Format Version 12.00
# Visual Studio Version 17
VisualStudioVersion = 17.12.35527.113
MinimumVisualStudioVersion = 10.0.40219.1
Project("{FAE04EC0-301F-11D3-BF4B-00C04F79EFBC}") = "ZurichApp", "ZurichApp.csproj", "{C5C761B9-35BD-4F64-8D0F-0A061792DC32}"
EndProject
Project("{FAE04EC0-301F-11D3-BF4B-00C04F79EFBC}") = "ZurichAppTests", "..\ZurichAppTests\ZurichAppTests.csproj", "{7403E2F7-4DE5-48E9-BB93-538E46AC7E8D}"
EndProject
Global
	GlobalSection(SolutionConfigurationPlatforms) = preSolution
		Debug|Any CPU = Debug|Any CPU
		Release|Any CPU = Release|Any CPU
	EndGlobalSection
	GlobalSection(ProjectConfigurationPlatforms) = postSolution
		{C5C761B9-35BD-4F64-8D0F-0A061792DC32}.Debug|Any CPU.ActiveCfg = Debug|Any CPU
		{C5C761B9-35BD-4F64-8D0F-0A061792DC32}.Debug|Any CPU.Build.0 = Debug|Any CPU
		{C5C761B9-35BD-4F64-8D0F-0A061792DC32}.Release|Any CPU.ActiveCfg = Release|Any CPU
		{C5C761B9-35BD-4F64-8D0F-0A061792DC32}.Release|Any CPU.Build.0 = Release|Any CPU
		{7403E2F7-4DE5-48E9-BB93-538E46AC7E8D}.Debug|Any CPU.ActiveCfg = Debug|Any CPU
		{7403E2F7-4DE5-48E9-BB93-538E46AC7E8D}.Debug|Any CPU.Build.0 = Debug|Any CPU
		{7403E2F7-4DE5-48E9-BB93-538E46AC7E8D}.Release|Any CPU.ActiveCfg = Release|Any CPU
		{7403E2F7-4DE5-48E9-BB93-538E46AC7E8D}.Release|Any CPU.Build.0 = Release|Any CPU
	EndGlobalSection
	GlobalSection(SolutionProperties) = preSolution
		HideSolutionNode = FALSE
	EndGlobalSection
EndGlobal
